
Microsoft Visual Studio Solution File, Format Version 12.00
# Visual Studio Version 17
VisualStudioVersion = 17.10.35122.118
MinimumVisualStudioVersion = 10.0.40219.1
Project("{FAE04EC0-301F-11D3-BF4B-00C04F79EFBC}") = "csrf-example-net", "csrf-example-net\csrf-example-net.csproj", "{91B821E7-3D23-4FE3-B416-FA03A5175FA1}"
EndProject
Global
	GlobalSection(SolutionConfigurationPlatforms) = preSolution
		Debug|Any CPU = Debug|Any CPU
		Release|Any CPU = Release|Any CPU
	EndGlobalSection
	GlobalSection(ProjectConfigurationPlatforms) = postSolution
		{91B821E7-3D23-4FE3-B416-FA03A5175FA1}.Debug|Any CPU.ActiveCfg = Debug|Any CPU
		{91B821E7-3D23-4FE3-B416-FA03A5175FA1}.Debug|Any CPU.Build.0 = Debug|Any CPU
		{91B821E7-3D23-4FE3-B416-FA03A5175FA1}.Release|Any CPU.ActiveCfg = Release|Any CPU
		{91B821E7-3D23-4FE3-B416-FA03A5175FA1}.Release|Any CPU.Build.0 = Release|Any CPU
	EndGlobalSection
	GlobalSection(SolutionProperties) = preSolution
		HideSolutionNode = FALSE
	EndGlobalSection
	GlobalSection(ExtensibilityGlobals) = postSolution
		SolutionGuid = {633263EA-4115-4DED-975C-86E043BFD867}
	EndGlobalSection
EndGlobal
